{
  "object": {
    "pins": [
      {
        "package": "DataStream",
        "repositoryURL": "https://github.com/hughbe/DataStream",
        "state": {
          "branch": null,
          "revision": "dcdf668fefac5e318f3828f9d3c5fcc7d57922f4",
          "version": "1.2.3"
        }
      },
      {
        "package": "BitField",
        "repositoryURL": "https://github.com/hughbe/SwiftBitField",
        "state": {
          "branch": null,
          "revision": "993f2e4ec4d4edfc598abd3e87cc813e937cffc1",
          "version": "1.0.0"
        }
      },
      {
        "package": "WindowsDataTypes",
        "repositoryURL": "https://github.com/hughbe/WindowsDataTypes",
        "state": {
          "branch": null,
          "revision": "82b4b6691dfa14d59663500150521114346328c0",
          "version": "1.0.6"
        }
      }
    ]
  },
  "version": 1
}
